// !$*UTF8*$!
{
	archiveVersion = 1;
	classes = {
	};
	objectVersion = 50;
	objects = {

/* Begin PBXBuildFile section */
		4C124BE1232E9E7E00AA1851 /* main.cpp in Sources */ = {isa = PBXBuildFile; fileRef = 4C124BE0232E9E7E00AA1851 /* main.cpp */; };
		4C124BE9232E9EDD00AA1851 /* LinkedList.cpp in Sources */ = {isa = PBXBuildFile; fileRef = 4C124BE7232E9EDD00AA1851 /* LinkedList.cpp */; };
		4C124BEC232E9F3600AA1851 /* ListNode.cpp in Sources */ = {isa = PBXBuildFile; fileRef = 4C124BEA232E9F3600AA1851 /* ListNode.cpp */; };
		4C124BEF232EACB600AA1851 /* List.cpp in Sources */ = {isa = PBXBuildFile; fileRef = 4C124BED232EACB600AA1851 /* List.cpp */; };
		4C124BF2232EB41500AA1851 /* Node.cpp in Sources */ = {isa = PBXBuildFile; fileRef = 4C124BF0232EB41500AA1851 /* Node.cpp */; };
		4C124BF8232EB91900AA1851 /* BiNode.cpp in Sources */ = {isa = PBXBuildFile; fileRef = 4C124BF6232EB91900AA1851 /* BiNode.cpp */; };
		4C124BFB232EBE1800AA1851 /* DoubleLinkedList.cpp in Sources */ = {isa = PBXBuildFile; fileRef = 4C124BF9232EBE1800AA1851 /* DoubleLinkedList.cpp */; };
		4C124BFE232EC48700AA1851 /* IntWrapper.cpp in Sources */ = {isa = PBXBuildFile; fileRef = 4C124BFC232EC48700AA1851 /* IntWrapper.cpp */; };
/* End PBXBuildFile section */

/* Begin PBXCopyFilesBuildPhase section */
		4C124BDB232E9E7E00AA1851 /* CopyFiles */ = {
			isa = PBXCopyFilesBuildPhase;
			buildActionMask = 2147483647;
			dstPath = /usr/share/man/man1/;
			dstSubfolderSpec = 0;
			files = (
			);
			runOnlyForDeploymentPostprocessing = 1;
		};
/* End PBXCopyFilesBuildPhase section */

/* Begin PBXFileReference section */
		4C124BDD232E9E7E00AA1851 /* Practice */ = {isa = PBXFileReference; explicitFileType = "compiled.mach-o.executable"; includeInIndex = 0; path = Practice; sourceTree = BUILT_PRODUCTS_DIR; };
		4C124BE0232E9E7E00AA1851 /* main.cpp */ = {isa = PBXFileReference; lastKnownFileType = sourcecode.cpp.cpp; path = main.cpp; sourceTree = "<group>"; };
		4C124BE7232E9EDD00AA1851 /* LinkedList.cpp */ = {isa = PBXFileReference; lastKnownFileType = sourcecode.cpp.cpp; path = LinkedList.cpp; sourceTree = "<group>"; };
		4C124BE8232E9EDD00AA1851 /* LinkedList.hpp */ = {isa = PBXFileReference; lastKnownFileType = sourcecode.cpp.h; path = LinkedList.hpp; sourceTree = "<group>"; };
		4C124BEA232E9F3600AA1851 /* ListNode.cpp */ = {isa = PBXFileReference; lastKnownFileType = sourcecode.cpp.cpp; path = ListNode.cpp; sourceTree = "<group>"; };
		4C124BEB232E9F3600AA1851 /* ListNode.hpp */ = {isa = PBXFileReference; lastKnownFileType = sourcecode.cpp.h; path = ListNode.hpp; sourceTree = "<group>"; };
		4C124BED232EACB600AA1851 /* List.cpp */ = {isa = PBXFileReference; lastKnownFileType = sourcecode.cpp.cpp; path = List.cpp; sourceTree = "<group>"; };
		4C124BEE232EACB600AA1851 /* List.hpp */ = {isa = PBXFileReference; lastKnownFileType = sourcecode.cpp.h; path = List.hpp; sourceTree = "<group>"; };
		4C124BF0232EB41500AA1851 /* Node.cpp */ = {isa = PBXFileReference; lastKnownFileType = sourcecode.cpp.cpp; path = Node.cpp; sourceTree = "<group>"; };
		4C124BF1232EB41500AA1851 /* Node.hpp */ = {isa = PBXFileReference; lastKnownFileType = sourcecode.cpp.h; path = Node.hpp; sourceTree = "<group>"; };
		4C124BF6232EB91900AA1851 /* BiNode.cpp */ = {isa = PBXFileReference; lastKnownFileType = sourcecode.cpp.cpp; path = BiNode.cpp; sourceTree = "<group>"; };
		4C124BF7232EB91900AA1851 /* BiNode.hpp */ = {isa = PBXFileReference; lastKnownFileType = sourcecode.cpp.h; path = BiNode.hpp; sourceTree = "<group>"; };
		4C124BF9232EBE1800AA1851 /* DoubleLinkedList.cpp */ = {isa = PBXFileReference; lastKnownFileType = sourcecode.cpp.cpp; path = DoubleLinkedList.cpp; sourceTree = "<group>"; };
		4C124BFA232EBE1800AA1851 /* DoubleLinkedList.hpp */ = {isa = PBXFileReference; lastKnownFileType = sourcecode.cpp.h; path = DoubleLinkedList.hpp; sourceTree = "<group>"; };
		4C124BFC232EC48700AA1851 /* IntWrapper.cpp */ = {isa = PBXFileReference; lastKnownFileType = sourcecode.cpp.cpp; path = IntWrapper.cpp; sourceTree = "<group>"; };
		4C124BFD232EC48700AA1851 /* IntWrapper.hpp */ = {isa = PBXFileReference; lastKnownFileType = sourcecode.cpp.h; path = IntWrapper.hpp; sourceTree = "<group>"; };
/* End PBXFileReference section */

/* Begin PBXFrameworksBuildPhase section */
		4C124BDA232E9E7E00AA1851 /* Frameworks */ = {
			isa = PBXFrameworksBuildPhase;
			buildActionMask = 2147483647;
			files = (
			);
			runOnlyForDeploymentPostprocessing = 0;
		};
/* End PBXFrameworksBuildPhase section */

/* Begin PBXGroup section */
		4C124BD4232E9E7E00AA1851 = {
			isa = PBXGroup;
			children = (
				4C124BDF232E9E7E00AA1851 /* Practice */,
				4C124BDE232E9E7E00AA1851 /* Products */,
			);
			sourceTree = "<group>";
		};
		4C124BDE232E9E7E00AA1851 /* Products */ = {
			isa = PBXGroup;
			children = (
				4C124BDD232E9E7E00AA1851 /* Practice */,
			);
			name = Products;
			sourceTree = "<group>";
		};
		4C124BDF232E9E7E00AA1851 /* Practice */ = {
			isa = PBXGroup;
			children = (
				4C124BE0232E9E7E00AA1851 /* main.cpp */,
				4C124BF5232EB72900AA1851 /* Common */,
				4C124BF4232EB70800AA1851 /* Nodes */,
				4C124BF3232EB70000AA1851 /* Lists */,
			);
			path = Practice;
			sourceTree = "<group>";
		};
		4C124BF3232EB70000AA1851 /* Lists */ = {
			isa = PBXGroup;
			children = (
				4C124BE7232E9EDD00AA1851 /* LinkedList.cpp */,
				4C124BE8232E9EDD00AA1851 /* LinkedList.hpp */,
				4C124BF9232EBE1800AA1851 /* DoubleLinkedList.cpp */,
				4C124BFA232EBE1800AA1851 /* DoubleLinkedList.hpp */,
			);
			path = Lists;
			sourceTree = "<group>";
		};
		4C124BF4232EB70800AA1851 /* Nodes */ = {
			isa = PBXGroup;
			children = (
				4C124BEA232E9F3600AA1851 /* ListNode.cpp */,
				4C124BEB232E9F3600AA1851 /* ListNode.hpp */,
				4C124BF6232EB91900AA1851 /* BiNode.cpp */,
				4C124BF7232EB91900AA1851 /* BiNode.hpp */,
			);
			path = Nodes;
			sourceTree = "<group>";
		};
		4C124BF5232EB72900AA1851 /* Common */ = {
			isa = PBXGroup;
			children = (
				4C124BF0232EB41500AA1851 /* Node.cpp */,
				4C124BF1232EB41500AA1851 /* Node.hpp */,
				4C124BED232EACB600AA1851 /* List.cpp */,
				4C124BEE232EACB600AA1851 /* List.hpp */,
				4C124BFC232EC48700AA1851 /* IntWrapper.cpp */,
				4C124BFD232EC48700AA1851 /* IntWrapper.hpp */,
			);
			path = Common;
			sourceTree = "<group>";
		};
/* End PBXGroup section */

/* Begin PBXNativeTarget section */
		4C124BDC232E9E7E00AA1851 /* Practice */ = {
			isa = PBXNativeTarget;
			buildConfigurationList = 4C124BE4232E9E7E00AA1851 /* Build configuration list for PBXNativeTarget "Practice" */;
			buildPhases = (
				4C124BD9232E9E7E00AA1851 /* Sources */,
				4C124BDA232E9E7E00AA1851 /* Frameworks */,
				4C124BDB232E9E7E00AA1851 /* CopyFiles */,
			);
			buildRules = (
			);
			dependencies = (
			);
			name = Practice;
			productName = Practice;
			productReference = 4C124BDD232E9E7E00AA1851 /* Practice */;
			productType = "com.apple.product-type.tool";
		};
/* End PBXNativeTarget section */

/* Begin PBXProject section */
		4C124BD5232E9E7E00AA1851 /* Project object */ = {
			isa = PBXProject;
			attributes = {
				LastUpgradeCheck = 1030;
				ORGANIZATIONNAME = "Evan Miller";
				TargetAttributes = {
					4C124BDC232E9E7E00AA1851 = {
						CreatedOnToolsVersion = 10.3;
					};
				};
			};
			buildConfigurationList = 4C124BD8232E9E7E00AA1851 /* Build configuration list for PBXProject "Practice" */;
			compatibilityVersion = "Xcode 9.3";
			developmentRegion = en;
			hasScannedForEncodings = 0;
			knownRegions = (
				en,
			);
			mainGroup = 4C124BD4232E9E7E00AA1851;
			productRefGroup = 4C124BDE232E9E7E00AA1851 /* Products */;
			projectDirPath = "";
			projectRoot = "";
			targets = (
				4C124BDC232E9E7E00AA1851 /* Practice */,
			);
		};
/* End PBXProject section */

/* Begin PBXSourcesBuildPhase section */
		4C124BD9232E9E7E00AA1851 /* Sources */ = {
			isa = PBXSourcesBuildPhase;
			buildActionMask = 2147483647;
			files = (
				4C124BF8232EB91900AA1851 /* BiNode.cpp in Sources */,
				4C124BEC232E9F3600AA1851 /* ListNode.cpp in Sources */,
				4C124BEF232EACB600AA1851 /* List.cpp in Sources */,
				4C124BFE232EC48700AA1851 /* IntWrapper.cpp in Sources */,
				4C124BE9232E9EDD00AA1851 /* LinkedList.cpp in Sources */,
				4C124BE1232E9E7E00AA1851 /* main.cpp in Sources */,
				4C124BFB232EBE1800AA1851 /* DoubleLinkedList.cpp in Sources */,
				4C124BF2232EB41500AA1851 /* Node.cpp in Sources */,
			);
			runOnlyForDeploymentPostprocessing = 0;
		};
/* End PBXSourcesBuildPhase section */

/* Begin XCBuildConfiguration section */
		4C124BE2232E9E7E00AA1851 /* Debug */ = {
			isa = XCBuildConfiguration;
			buildSettings = {
				ALWAYS_SEARCH_USER_PATHS = NO;
				CLANG_ANALYZER_NONNULL = YES;
				CLANG_ANALYZER_NUMBER_OBJECT_CONVERSION = YES_AGGRESSIVE;
				CLANG_CXX_LANGUAGE_STANDARD = "gnu++14";
				CLANG_CXX_LIBRARY = "libc++";
				CLANG_ENABLE_MODULES = YES;
				CLANG_ENABLE_OBJC_ARC = YES;
				CLANG_ENABLE_OBJC_WEAK = YES;
				CLANG_WARN_BLOCK_CAPTURE_AUTORELEASING = YES;
				CLANG_WARN_BOOL_CONVERSION = YES;
				CLANG_WARN_COMMA = YES;
				CLANG_WARN_CONSTANT_CONVERSION = YES;
				CLANG_WARN_DEPRECATED_OBJC_IMPLEMENTATIONS = YES;
				CLANG_WARN_DIRECT_OBJC_ISA_USAGE = YES_ERROR;
				CLANG_WARN_DOCUMENTATION_COMMENTS = YES;
				CLANG_WARN_EMPTY_BODY = YES;
				CLANG_WARN_ENUM_CONVERSION = YES;
				CLANG_WARN_INFINITE_RECURSION = YES;
				CLANG_WARN_INT_CONVERSION = YES;
				CLANG_WARN_NON_LITERAL_NULL_CONVERSION = YES;
				CLANG_WARN_OBJC_IMPLICIT_RETAIN_SELF = YES;
				CLANG_WARN_OBJC_LITERAL_CONVERSION = YES;
				CLANG_WARN_OBJC_ROOT_CLASS = YES_ERROR;
				CLANG_WARN_RANGE_LOOP_ANALYSIS = YES;
				CLANG_WARN_STRICT_PROTOTYPES = YES;
				CLANG_WARN_SUSPICIOUS_MOVE = YES;
				CLANG_WARN_UNGUARDED_AVAILABILITY = YES_AGGRESSIVE;
				CLANG_WARN_UNREACHABLE_CODE = YES;
				CLANG_WARN__DUPLICATE_METHOD_MATCH = YES;
				CODE_SIGN_IDENTITY = "-";
				COPY_PHASE_STRIP = NO;
				DEBUG_INFORMATION_FORMAT = dwarf;
				ENABLE_STRICT_OBJC_MSGSEND = YES;
				ENABLE_TESTABILITY = YES;
				GCC_C_LANGUAGE_STANDARD = gnu11;
				GCC_DYNAMIC_NO_PIC = NO;
				GCC_NO_COMMON_BLOCKS = YES;
				GCC_OPTIMIZATION_LEVEL = 0;
				GCC_PREPROCESSOR_DEFINITIONS = (
					"DEBUG=1",
					"$(inherited)",
				);
				GCC_WARN_64_TO_32_BIT_CONVERSION = YES;
				GCC_WARN_ABOUT_RETURN_TYPE = YES_ERROR;
				GCC_WARN_UNDECLARED_SELECTOR = YES;
				GCC_WARN_UNINITIALIZED_AUTOS = YES_AGGRESSIVE;
				GCC_WARN_UNUSED_FUNCTION = YES;
				GCC_WARN_UNUSED_VARIABLE = YES;
				MACOSX_DEPLOYMENT_TARGET = 10.14;
				MTL_ENABLE_DEBUG_INFO = INCLUDE_SOURCE;
				MTL_FAST_MATH = YES;
				ONLY_ACTIVE_ARCH = YES;
				SDKROOT = macosx;
			};
			name = Debug;
		};
		4C124BE3232E9E7E00AA1851 /* Release */ = {
			isa = XCBuildConfiguration;
			buildSettings = {
				ALWAYS_SEARCH_USER_PATHS = NO;
				CLANG_ANALYZER_NONNULL = YES;
				CLANG_ANALYZER_NUMBER_OBJECT_CONVERSION = YES_AGGRESSIVE;
				CLANG_CXX_LANGUAGE_STANDARD = "gnu++14";
				CLANG_CXX_LIBRARY = "libc++";
				CLANG_ENABLE_MODULES = YES;
				CLANG_ENABLE_OBJC_ARC = YES;
				CLANG_ENABLE_OBJC_WEAK = YES;
				CLANG_WARN_BLOCK_CAPTURE_AUTORELEASING = YES;
				CLANG_WARN_BOOL_CONVERSION = YES;
				CLANG_WARN_COMMA = YES;
				CLANG_WARN_CONSTANT_CONVERSION = YES;
				CLANG_WARN_DEPRECATED_OBJC_IMPLEMENTATIONS = YES;
				CLANG_WARN_DIRECT_OBJC_ISA_USAGE = YES_ERROR;
				CLANG_WARN_DOCUMENTATION_COMMENTS = YES;
				CLANG_WARN_EMPTY_BODY = YES;
				CLANG_WARN_ENUM_CONVERSION = YES;
				CLANG_WARN_INFINITE_RECURSION = YES;
				CLANG_WARN_INT_CONVERSION = YES;
				CLANG_WARN_NON_LITERAL_NULL_CONVERSION = YES;
				CLANG_WARN_OBJC_IMPLICIT_RETAIN_SELF = YES;
				CLANG_WARN_OBJC_LITERAL_CONVERSION = YES;
				CLANG_WARN_OBJC_ROOT_CLASS = YES_ERROR;
				CLANG_WARN_RANGE_LOOP_ANALYSIS = YES;
				CLANG_WARN_STRICT_PROTOTYPES = YES;
				CLANG_WARN_SUSPICIOUS_MOVE = YES;
				CLANG_WARN_UNGUARDED_AVAILABILITY = YES_AGGRESSIVE;
				CLANG_WARN_UNREACHABLE_CODE = YES;
				CLANG_WARN__DUPLICATE_METHOD_MATCH = YES;
				CODE_SIGN_IDENTITY = "-";
				COPY_PHASE_STRIP = NO;
				DEBUG_INFORMATION_FORMAT = "dwarf-with-dsym";
				ENABLE_NS_ASSERTIONS = NO;
				ENABLE_STRICT_OBJC_MSGSEND = YES;
				GCC_C_LANGUAGE_STANDARD = gnu11;
				GCC_NO_COMMON_BLOCKS = YES;
				GCC_WARN_64_TO_32_BIT_CONVERSION = YES;
				GCC_WARN_ABOUT_RETURN_TYPE = YES_ERROR;
				GCC_WARN_UNDECLARED_SELECTOR = YES;
				GCC_WARN_UNINITIALIZED_AUTOS = YES_AGGRESSIVE;
				GCC_WARN_UNUSED_FUNCTION = YES;
				GCC_WARN_UNUSED_VARIABLE = YES;
				MACOSX_DEPLOYMENT_TARGET = 10.14;
				MTL_ENABLE_DEBUG_INFO = NO;
				MTL_FAST_MATH = YES;
				SDKROOT = macosx;
			};
			name = Release;
		};
		4C124BE5232E9E7E00AA1851 /* Debug */ = {
			isa = XCBuildConfiguration;
			buildSettings = {
				CODE_SIGN_STYLE = Automatic;
				PRODUCT_NAME = "$(TARGET_NAME)";
			};
			name = Debug;
		};
		4C124BE6232E9E7E00AA1851 /* Release */ = {
			isa = XCBuildConfiguration;
			buildSettings = {
				CODE_SIGN_STYLE = Automatic;
				PRODUCT_NAME = "$(TARGET_NAME)";
			};
			name = Release;
		};
/* End XCBuildConfiguration section */

/* Begin XCConfigurationList section */
		4C124BD8232E9E7E00AA1851 /* Build configuration list for PBXProject "Practice" */ = {
			isa = XCConfigurationList;
			buildConfigurations = (
				4C124BE2232E9E7E00AA1851 /* Debug */,
				4C124BE3232E9E7E00AA1851 /* Release */,
			);
			defaultConfigurationIsVisible = 0;
			defaultConfigurationName = Release;
		};
		4C124BE4232E9E7E00AA1851 /* Build configuration list for PBXNativeTarget "Practice" */ = {
			isa = XCConfigurationList;
			buildConfigurations = (
				4C124BE5232E9E7E00AA1851 /* Debug */,
				4C124BE6232E9E7E00AA1851 /* Release */,
			);
			defaultConfigurationIsVisible = 0;
			defaultConfigurationName = Release;
		};
/* End XCConfigurationList section */
	};
	rootObject = 4C124BD5232E9E7E00AA1851 /* Project object */;
}
